// !$*UTF8*$!
{
	archiveVersion = 1;
	classes = {
	};
	objectVersion = 46;
	objects = {

/* Begin PBXBuildFile section */
		28CD5A251D49F34200CBD6AF /* main.m in Sources */ = {isa = PBXBuildFile; fileRef = 28CD5A241D49F34200CBD6AF /* main.m */; };
		28CD5A281D49F34200CBD6AF /* AppDelegate.m in Sources */ = {isa = PBXBuildFile; fileRef = 28CD5A271D49F34200CBD6AF /* AppDelegate.m */; };
		28CD5A2B1D49F34200CBD6AF /* ViewController.m in Sources */ = {isa = PBXBuildFile; fileRef = 28CD5A2A1D49F34200CBD6AF /* ViewController.m */; };
		28CD5A2E1D49F34200CBD6AF /* Main.storyboard in Resources */ = {isa = PBXBuildFile; fileRef = 28CD5A2C1D49F34200CBD6AF /* Main.storyboard */; };
		28CD5A301D49F34200CBD6AF /* Assets.xcassets in Resources */ = {isa = PBXBuildFile; fileRef = 28CD5A2F1D49F34200CBD6AF /* Assets.xcassets */; };
		28CD5A331D49F34200CBD6AF /* LaunchScreen.storyboard in Resources */ = {isa = PBXBuildFile; fileRef = 28CD5A311D49F34200CBD6AF /* LaunchScreen.storyboard */; };
		72B7E322AF8F7C156D2FD140 /* libPods-test.a in Frameworks */ = {isa = PBXBuildFile; fileRef = B2C8B12CA063AD260AA8FEF0 /* libPods-test.a */; };
/* End PBXBuildFile section */

/* Begin PBXFileReference section */
		28CD5A201D49F34200CBD6AF /* test.app */ = {isa = PBXFileReference; explicitFileType = wrapper.application; includeInIndex = 0; path = test.app; sourceTree = BUILT_PRODUCTS_DIR; };
		28CD5A241D49F34200CBD6AF /* main.m */ = {isa = PBXFileReference; lastKnownFileType = sourcecode.c.objc; path = main.m; sourceTree = "<group>"; };
		28CD5A261D49F34200CBD6AF /* AppDelegate.h */ = {isa = PBXFileReference; lastKnownFileType = sourcecode.c.h; path = AppDelegate.h; sourceTree = "<group>"; };
		28CD5A271D49F34200CBD6AF /* AppDelegate.m */ = {isa = PBXFileReference; lastKnownFileType = sourcecode.c.objc; path = AppDelegate.m; sourceTree = "<group>"; };
		28CD5A291D49F34200CBD6AF /* ViewController.h */ = {isa = PBXFileReference; lastKnownFileType = sourcecode.c.h; path = ViewController.h; sourceTree = "<group>"; };
		28CD5A2A1D49F34200CBD6AF /* ViewController.m */ = {isa = PBXFileReference; lastKnownFileType = sourcecode.c.objc; path = ViewController.m; sourceTree = "<group>"; };
		28CD5A2D1D49F34200CBD6AF /* Base */ = {isa = PBXFileReference; lastKnownFileType = file.storyboard; name = Base; path = Base.lproj/Main.storyboard; sourceTree = "<group>"; };
		28CD5A2F1D49F34200CBD6AF /* Assets.xcassets */ = {isa = PBXFileReference; lastKnownFileType = folder.assetcatalog; path = Assets.xcassets; sourceTree = "<group>"; };
		28CD5A321D49F34200CBD6AF /* Base */ = {isa = PBXFileReference; lastKnownFileType = file.storyboard; name = Base; path = Base.lproj/LaunchScreen.storyboard; sourceTree = "<group>"; };
		28CD5A341D49F34200CBD6AF /* Info.plist */ = {isa = PBXFileReference; lastKnownFileType = text.plist.xml; path = Info.plist; sourceTree = "<group>"; };
		3F04FEAFF4EA9E5F9C8F692B /* Pods-test.release.xcconfig */ = {isa = PBXFileReference; includeInIndex = 1; lastKnownFileType = text.xcconfig; name = "Pods-test.release.xcconfig"; path = "Pods/Target Support Files/Pods-test/Pods-test.release.xcconfig"; sourceTree = "<group>"; };
		6AED683A4D21581396892624 /* Pods-test.debug.xcconfig */ = {isa = PBXFileReference; includeInIndex = 1; lastKnownFileType = text.xcconfig; name = "Pods-test.debug.xcconfig"; path = "Pods/Target Support Files/Pods-test/Pods-test.debug.xcconfig"; sourceTree = "<group>"; };
		B2C8B12CA063AD260AA8FEF0 /* libPods-test.a */ = {isa = PBXFileReference; explicitFileType = archive.ar; includeInIndex = 0; path = "libPods-test.a"; sourceTree = BUILT_PRODUCTS_DIR; };
/* End PBXFileReference section */

/* Begin PBXFrameworksBuildPhase section */
		28CD5A1D1D49F34200CBD6AF /* Frameworks */ = {
			isa = PBXFrameworksBuildPhase;
			buildActionMask = 2147483647;
			files = (
				72B7E322AF8F7C156D2FD140 /* libPods-test.a in Frameworks */,
			);
			runOnlyForDeploymentPostprocessing = 0;
		};
/* End PBXFrameworksBuildPhase section */

/* Begin PBXGroup section */
		28CD5A171D49F34200CBD6AF = {
			isa = PBXGroup;
			children = (
				28CD5A221D49F34200CBD6AF /* test */,
				28CD5A211D49F34200CBD6AF /* Products */,
				EEDBCACD3FDF7CDA88ED3517 /* Pods */,
				7D3F1C46389DDE5990891D64 /* Frameworks */,
			);
			sourceTree = "<group>";
		};
		28CD5A211D49F34200CBD6AF /* Products */ = {
			isa = PBXGroup;
			children = (
				28CD5A201D49F34200CBD6AF /* test.app */,
			);
			name = Products;
			sourceTree = "<group>";
		};
		28CD5A221D49F34200CBD6AF /* test */ = {
			isa = PBXGroup;
			children = (
				28CD5A261D49F34200CBD6AF /* AppDelegate.h */,
				28CD5A271D49F34200CBD6AF /* AppDelegate.m */,
				28CD5A291D49F34200CBD6AF /* ViewController.h */,
				28CD5A2A1D49F34200CBD6AF /* ViewController.m */,
				28CD5A2C1D49F34200CBD6AF /* Main.storyboard */,
				28CD5A2F1D49F34200CBD6AF /* Assets.xcassets */,
				28CD5A311D49F34200CBD6AF /* LaunchScreen.storyboard */,
				28CD5A341D49F34200CBD6AF /* Info.plist */,
				28CD5A231D49F34200CBD6AF /* Supporting Files */,
			);
			path = test;
			sourceTree = "<group>";
		};
		28CD5A231D49F34200CBD6AF /* Supporting Files */ = {
			isa = PBXGroup;
			children = (
				28CD5A241D49F34200CBD6AF /* main.m */,
			);
			name = "Supporting Files";
			sourceTree = "<group>";
		};
		7D3F1C46389DDE5990891D64 /* Frameworks */ = {
			isa = PBXGroup;
			children = (
				B2C8B12CA063AD260AA8FEF0 /* libPods-test.a */,
			);
			name = Frameworks;
			sourceTree = "<group>";
		};
		EEDBCACD3FDF7CDA88ED3517 /* Pods */ = {
			isa = PBXGroup;
			children = (
				6AED683A4D21581396892624 /* Pods-test.debug.xcconfig */,
				3F04FEAFF4EA9E5F9C8F692B /* Pods-test.release.xcconfig */,
			);
			name = Pods;
			sourceTree = "<group>";
		};
/* End PBXGroup section */

/* Begin PBXNativeTarget section */
		28CD5A1F1D49F34200CBD6AF /* test */ = {
			isa = PBXNativeTarget;
			buildConfigurationList = 28CD5A371D49F34200CBD6AF /* Build configuration list for PBXNativeTarget "test" */;
			buildPhases = (
				A99493CAA964F8399D78AF6A /* Check Pods Manifest.lock */,
				28CD5A1C1D49F34200CBD6AF /* Sources */,
				28CD5A1D1D49F34200CBD6AF /* Frameworks */,
				28CD5A1E1D49F34200CBD6AF /* Resources */,
				B98333E00896805FE3810A4C /* Embed Pods Frameworks */,
				E7F07CDDE02C3511318F7BBC /* Copy Pods Resources */,
			);
			buildRules = (
			);
			dependencies = (
			);
			name = test;
			productName = test;
			productReference = 28CD5A201D49F34200CBD6AF /* test.app */;
			productType = "com.apple.product-type.application";
		};
/* End PBXNativeTarget section */

/* Begin PBXProject section */
		28CD5A181D49F34200CBD6AF /* Project object */ = {
			isa = PBXProject;
			attributes = {
				LastUpgradeCheck = 0730;
				ORGANIZATIONNAME = JJ;
				TargetAttributes = {
					28CD5A1F1D49F34200CBD6AF = {
						CreatedOnToolsVersion = 7.3.1;
					};
				};
			};
			buildConfigurationList = 28CD5A1B1D49F34200CBD6AF /* Build configuration list for PBXProject "test" */;
			compatibilityVersion = "Xcode 3.2";
			developmentRegion = English;
			hasScannedForEncodings = 0;
			knownRegions = (
				en,
				Base,
			);
			mainGroup = 28CD5A171D49F34200CBD6AF;
			productRefGroup = 28CD5A211D49F34200CBD6AF /* Products */;
			projectDirPath = "";
			projectRoot = "";
			targets = (
				28CD5A1F1D49F34200CBD6AF /* test */,
			);
		};
/* End PBXProject section */

/* Begin PBXResourcesBuildPhase section */
		28CD5A1E1D49F34200CBD6AF /* Resources */ = {
			isa = PBXResourcesBuildPhase;
			buildActionMask = 2147483647;
			files = (
				28CD5A331D49F34200CBD6AF /* LaunchScreen.storyboard in Resources */,
				28CD5A301D49F34200CBD6AF /* Assets.xcassets in Resources */,
				28CD5A2E1D49F34200CBD6AF /* Main.storyboard in Resources */,
			);
			runOnlyForDeploymentPostprocessing = 0;
		};
/* End PBXResourcesBuildPhase section */

/* Begin PBXShellScriptBuildPhase section */
		A99493CAA964F8399D78AF6A /* Check Pods Manifest.lock */ = {
			isa = PBXShellScriptBuildPhase;
			buildActionMask = 2147483647;
			files = (
			);
			inputPaths = (
			);
			name = "Check Pods Manifest.lock";
			outputPaths = (
			);
			runOnlyForDeploymentPostprocessing = 0;
			shellPath = /bin/sh;
			shellScript = "diff \"${PODS_ROOT}/../Podfile.lock\" \"${PODS_ROOT}/Manifest.lock\" > /dev/null\nif [[ $? != 0 ]] ; then\n    cat << EOM\nerror: The sandbox is not in sync with the Podfile.lock. Run 'pod install' or update your CocoaPods installation.\nEOM\n    exit 1\nfi\n";
			showEnvVarsInLog = 0;
		};
		B98333E00896805FE3810A4C /* Embed Pods Frameworks */ = {
			isa = PBXShellScriptBuildPhase;
			buildActionMask = 2147483647;
			files = (
			);
			inputPaths = (
			);
			name = "Embed Pods Frameworks";
			outputPaths = (
			);
			runOnlyForDeploymentPostprocessing = 0;
			shellPath = /bin/sh;
			shellScript = "\"${SRCROOT}/Pods/Target Support Files/Pods-test/Pods-test-frameworks.sh\"\n";
			showEnvVarsInLog = 0;
		};
		E7F07CDDE02C3511318F7BBC /* Copy Pods Resources */ = {
			isa = PBXShellScriptBuildPhase;
			buildActionMask = 2147483647;
			files = (
			);
			inputPaths = (
			);
			name = "Copy Pods Resources";
			outputPaths = (
			);
			runOnlyForDeploymentPostprocessing = 0;
			shellPath = /bin/sh;
			shellScript = "\"${SRCROOT}/Pods/Target Support Files/Pods-test/Pods-test-resources.sh\"\n";
			showEnvVarsInLog = 0;
		};
/* End PBXShellScriptBuildPhase section */

/* Begin PBXSourcesBuildPhase section */
		28CD5A1C1D49F34200CBD6AF /* Sources */ = {
			isa = PBXSourcesBuildPhase;
			buildActionMask = 2147483647;
			files = (
				28CD5A2B1D49F34200CBD6AF /* ViewController.m in Sources */,
				28CD5A281D49F34200CBD6AF /* AppDelegate.m in Sources */,
				28CD5A251D49F34200CBD6AF /* main.m in Sources */,
			);
			runOnlyForDeploymentPostprocessing = 0;
		};
/* End PBXSourcesBuildPhase section */

/* Begin PBXVariantGroup section */
		28CD5A2C1D49F34200CBD6AF /* Main.storyboard */ = {
			isa = PBXVariantGroup;
			children = (
				28CD5A2D1D49F34200CBD6AF /* Base */,
			);
			name = Main.storyboard;
			sourceTree = "<group>";
		};
		28CD5A311D49F34200CBD6AF /* LaunchScreen.storyboard */ = {
			isa = PBXVariantGroup;
			children = (
				28CD5A321D49F34200CBD6AF /* Base */,
			);
			name = LaunchScreen.storyboard;
			sourceTree = "<group>";
		};
/* End PBXVariantGroup section */

/* Begin XCBuildConfiguration section */
		28CD5A351D49F34200CBD6AF /* Debug */ = {
			isa = XCBuildConfiguration;
			buildSettings = {
				ALWAYS_SEARCH_USER_PATHS = NO;
				CLANG_ANALYZER_NONNULL = YES;
				CLANG_CXX_LANGUAGE_STANDARD = "gnu++0x";
				CLANG_CXX_LIBRARY = "libc++";
				CLANG_ENABLE_MODULES = YES;
				CLANG_ENABLE_OBJC_ARC = YES;
				CLANG_WARN_BOOL_CONVERSION = YES;
				CLANG_WARN_CONSTANT_CONVERSION = YES;
				CLANG_WARN_DIRECT_OBJC_ISA_USAGE = YES_ERROR;
				CLANG_WARN_EMPTY_BODY = YES;
				CLANG_WARN_ENUM_CONVERSION = YES;
				CLANG_WARN_INT_CONVERSION = YES;
				CLANG_WARN_OBJC_ROOT_CLASS = YES_ERROR;
				CLANG_WARN_UNREACHABLE_CODE = YES;
				CLANG_WARN__DUPLICATE_METHOD_MATCH = YES;
				"CODE_SIGN_IDENTITY[sdk=iphoneos*]" = "iPhone Developer";
				COPY_PHASE_STRIP = NO;
				DEBUG_INFORMATION_FORMAT = dwarf;
				ENABLE_STRICT_OBJC_MSGSEND = YES;
				ENABLE_TESTABILITY = YES;
				GCC_C_LANGUAGE_STANDARD = gnu99;
				GCC_DYNAMIC_NO_PIC = NO;
				GCC_NO_COMMON_BLOCKS = YES;
				GCC_OPTIMIZATION_LEVEL = 0;
				GCC_PREPROCESSOR_DEFINITIONS = (
					"DEBUG=1",
					"$(inherited)",
				);
				GCC_WARN_64_TO_32_BIT_CONVERSION = YES;
				GCC_WARN_ABOUT_RETURN_TYPE = YES_ERROR;
				GCC_WARN_UNDECLARED_SELECTOR = YES;
				GCC_WARN_UNINITIALIZED_AUTOS = YES_AGGRESSIVE;
				GCC_WARN_UNUSED_FUNCTION = YES;
				GCC_WARN_UNUSED_VARIABLE = YES;
				IPHONEOS_DEPLOYMENT_TARGET = 9.3;
				MTL_ENABLE_DEBUG_INFO = YES;
				ONLY_ACTIVE_ARCH = YES;
				SDKROOT = iphoneos;
				TARGETED_DEVICE_FAMILY = "1,2";
			};
			name = Debug;
		};
		28CD5A361D49F34200CBD6AF /* Release */ = {
			isa = XCBuildConfiguration;
			buildSettings = {
				ALWAYS_SEARCH_USER_PATHS = NO;
				CLANG_ANALYZER_NONNULL = YES;
				CLANG_CXX_LANGUAGE_STANDARD = "gnu++0x";
				CLANG_CXX_LIBRARY = "libc++";
				CLANG_ENABLE_MODULES = YES;
				CLANG_ENABLE_OBJC_ARC = YES;
				CLANG_WARN_BOOL_CONVERSION = YES;
				CLANG_WARN_CONSTANT_CONVERSION = YES;
				CLANG_WARN_DIRECT_OBJC_ISA_USAGE = YES_ERROR;
				CLANG_WARN_EMPTY_BODY = YES;
				CLANG_WARN_ENUM_CONVERSION = YES;
				CLANG_WARN_INT_CONVERSION = YES;
				CLANG_WARN_OBJC_ROOT_CLASS = YES_ERROR;
				CLANG_WARN_UNREACHABLE_CODE = YES;
				CLANG_WARN__DUPLICATE_METHOD_MATCH = YES;
				"CODE_SIGN_IDENTITY[sdk=iphoneos*]" = "iPhone Developer";
				COPY_PHASE_STRIP = NO;
				DEBUG_INFORMATION_FORMAT = "dwarf-with-dsym";
				ENABLE_NS_ASSERTIONS = NO;
				ENABLE_STRICT_OBJC_MSGSEND = YES;
				GCC_C_LANGUAGE_STANDARD = gnu99;
				GCC_NO_COMMON_BLOCKS = YES;
				GCC_WARN_64_TO_32_BIT_CONVERSION = YES;
				GCC_WARN_ABOUT_RETURN_TYPE = YES_ERROR;
				GCC_WARN_UNDECLARED_SELECTOR = YES;
				GCC_WARN_UNINITIALIZED_AUTOS = YES_AGGRESSIVE;
				GCC_WARN_UNUSED_FUNCTION = YES;
				GCC_WARN_UNUSED_VARIABLE = YES;
				IPHONEOS_DEPLOYMENT_TARGET = 9.3;
				MTL_ENABLE_DEBUG_INFO = NO;
				SDKROOT = iphoneos;
				TARGETED_DEVICE_FAMILY = "1,2";
				VALIDATE_PRODUCT = YES;
			};
			name = Release;
		};
		28CD5A381D49F34200CBD6AF /* Debug */ = {
			isa = XCBuildConfiguration;
			baseConfigurationReference = 6AED683A4D21581396892624 /* Pods-test.debug.xcconfig */;
			buildSettings = {
				ASSETCATALOG_COMPILER_APPICON_NAME = AppIcon;
				INFOPLIST_FILE = test/Info.plist;
				LD_RUNPATH_SEARCH_PATHS = "$(inherited) @executable_path/Frameworks";
				PRODUCT_BUNDLE_IDENTIFIER = com.JJ.test;
				PRODUCT_NAME = "$(TARGET_NAME)";
			};
			name = Debug;
		};
		28CD5A391D49F34200CBD6AF /* Release */ = {
			isa = XCBuildConfiguration;
			baseConfigurationReference = 3F04FEAFF4EA9E5F9C8F692B /* Pods-test.release.xcconfig */;
			buildSettings = {
				ASSETCATALOG_COMPILER_APPICON_NAME = AppIcon;
				INFOPLIST_FILE = test/Info.plist;
				LD_RUNPATH_SEARCH_PATHS = "$(inherited) @executable_path/Frameworks";
				PRODUCT_BUNDLE_IDENTIFIER = com.JJ.test;
				PRODUCT_NAME = "$(TARGET_NAME)";
			};
			name = Release;
		};
/* End XCBuildConfiguration section */

/* Begin XCConfigurationList section */
		28CD5A1B1D49F34200CBD6AF /* Build configuration list for PBXProject "test" */ = {
			isa = XCConfigurationList;
			buildConfigurations = (
				28CD5A351D49F34200CBD6AF /* Debug */,
				28CD5A361D49F34200CBD6AF /* Release */,
			);
			defaultConfigurationIsVisible = 0;
			defaultConfigurationName = Release;
		};
		28CD5A371D49F34200CBD6AF /* Build configuration list for PBXNativeTarget "test" */ = {
			isa = XCConfigurationList;
			buildConfigurations = (
				28CD5A381D49F34200CBD6AF /* Debug */,
				28CD5A391D49F34200CBD6AF /* Release */,
			);
			defaultConfigurationIsVisible = 0;
			defaultConfigurationName = Release;
		};
/* End XCConfigurationList section */
	};
	rootObject = 28CD5A181D49F34200CBD6AF /* Project object */;
}
