// !$*UTF8*$!
{
	archiveVersion = 1;
	classes = {
	};
	objectVersion = 46;
	objects = {

/* Begin PBXBuildFile section */
		28CD59B11D49E9FB00CBD6AF /* main.m in Sources */ = {isa = PBXBuildFile; fileRef = 28CD59B01D49E9FB00CBD6AF /* main.m */; };
		28CD59B41D49E9FB00CBD6AF /* AppDelegate.m in Sources */ = {isa = PBXBuildFile; fileRef = 28CD59B31D49E9FB00CBD6AF /* AppDelegate.m */; };
		28CD59B71D49E9FB00CBD6AF /* ViewController.m in Sources */ = {isa = PBXBuildFile; fileRef = 28CD59B61D49E9FB00CBD6AF /* ViewController.m */; };
		28CD59BA1D49E9FB00CBD6AF /* Main.storyboard in Resources */ = {isa = PBXBuildFile; fileRef = 28CD59B81D49E9FB00CBD6AF /* Main.storyboard */; };
		28CD59BC1D49E9FB00CBD6AF /* Assets.xcassets in Resources */ = {isa = PBXBuildFile; fileRef = 28CD59BB1D49E9FB00CBD6AF /* Assets.xcassets */; };
		28CD59BF1D49E9FB00CBD6AF /* LaunchScreen.storyboard in Resources */ = {isa = PBXBuildFile; fileRef = 28CD59BD1D49E9FB00CBD6AF /* LaunchScreen.storyboard */; };
		28CD5A0D1D49EBC400CBD6AF /* libRCTActionSheet.a in Frameworks */ = {isa = PBXBuildFile; fileRef = 28CD5A0C1D49EB3100CBD6AF /* libRCTActionSheet.a */; };
		28CD5A0E1D49EBC400CBD6AF /* libRCTGeolocation.a in Frameworks */ = {isa = PBXBuildFile; fileRef = 28CD5A061D49EB2600CBD6AF /* libRCTGeolocation.a */; };
		28CD5A0F1D49EBC400CBD6AF /* libRCTImage.a in Frameworks */ = {isa = PBXBuildFile; fileRef = 28CD5A001D49EB1E00CBD6AF /* libRCTImage.a */; };
		28CD5A101D49EBC400CBD6AF /* libRCTLinking.a in Frameworks */ = {isa = PBXBuildFile; fileRef = 28CD59FA1D49EB1600CBD6AF /* libRCTLinking.a */; };
		28CD5A111D49EBC400CBD6AF /* libRCTNetwork.a in Frameworks */ = {isa = PBXBuildFile; fileRef = 28CD59DC1D49EADD00CBD6AF /* libRCTNetwork.a */; };
		28CD5A121D49EBC400CBD6AF /* libRCTSettings.a in Frameworks */ = {isa = PBXBuildFile; fileRef = 28CD59F41D49EB0700CBD6AF /* libRCTSettings.a */; };
		28CD5A131D49EBC400CBD6AF /* libRCTText.a in Frameworks */ = {isa = PBXBuildFile; fileRef = 28CD59EE1D49EB0000CBD6AF /* libRCTText.a */; };
		28CD5A141D49EBC400CBD6AF /* libRCTVibration.a in Frameworks */ = {isa = PBXBuildFile; fileRef = 28CD59E81D49EAF800CBD6AF /* libRCTVibration.a */; };
		28CD5A151D49EBC400CBD6AF /* libRCTWebSocket.a in Frameworks */ = {isa = PBXBuildFile; fileRef = 28CD59E21D49EAEF00CBD6AF /* libRCTWebSocket.a */; };
		28CD5A161D49EBC400CBD6AF /* libReact.a in Frameworks */ = {isa = PBXBuildFile; fileRef = 28CD59D61D49EABE00CBD6AF /* libReact.a */; };
/* End PBXBuildFile section */

/* Begin PBXContainerItemProxy section */
		28CD59D51D49EABE00CBD6AF /* PBXContainerItemProxy */ = {
			isa = PBXContainerItemProxy;
			containerPortal = 28CD59D11D49EABE00CBD6AF /* React.xcodeproj */;
			proxyType = 2;
			remoteGlobalIDString = 83CBBA2E1A601D0E00E9B192;
			remoteInfo = React;
		};
		28CD59DB1D49EADD00CBD6AF /* PBXContainerItemProxy */ = {
			isa = PBXContainerItemProxy;
			containerPortal = 28CD59D71D49EADD00CBD6AF /* RCTNetwork.xcodeproj */;
			proxyType = 2;
			remoteGlobalIDString = 58B511DB1A9E6C8500147676;
			remoteInfo = RCTNetwork;
		};
		28CD59E11D49EAEF00CBD6AF /* PBXContainerItemProxy */ = {
			isa = PBXContainerItemProxy;
			containerPortal = 28CD59DD1D49EAEF00CBD6AF /* RCTWebSocket.xcodeproj */;
			proxyType = 2;
			remoteGlobalIDString = 3C86DF461ADF2C930047B81A;
			remoteInfo = RCTWebSocket;
		};
		28CD59E71D49EAF800CBD6AF /* PBXContainerItemProxy */ = {
			isa = PBXContainerItemProxy;
			containerPortal = 28CD59E31D49EAF800CBD6AF /* RCTVibration.xcodeproj */;
			proxyType = 2;
			remoteGlobalIDString = 832C81801AAF6DEF007FA2F7;
			remoteInfo = RCTVibration;
		};
		28CD59ED1D49EB0000CBD6AF /* PBXContainerItemProxy */ = {
			isa = PBXContainerItemProxy;
			containerPortal = 28CD59E91D49EB0000CBD6AF /* RCTText.xcodeproj */;
			proxyType = 2;
			remoteGlobalIDString = 58B5119B1A9E6C1200147676;
			remoteInfo = RCTText;
		};
		28CD59F31D49EB0700CBD6AF /* PBXContainerItemProxy */ = {
			isa = PBXContainerItemProxy;
			containerPortal = 28CD59EF1D49EB0700CBD6AF /* RCTSettings.xcodeproj */;
			proxyType = 2;
			remoteGlobalIDString = 134814201AA4EA6300B7C361;
			remoteInfo = RCTSettings;
		};
		28CD59F91D49EB1600CBD6AF /* PBXContainerItemProxy */ = {
			isa = PBXContainerItemProxy;
			containerPortal = 28CD59F51D49EB1600CBD6AF /* RCTLinking.xcodeproj */;
			proxyType = 2;
			remoteGlobalIDString = 134814201AA4EA6300B7C361;
			remoteInfo = RCTLinking;
		};
		28CD59FF1D49EB1E00CBD6AF /* PBXContainerItemProxy */ = {
			isa = PBXContainerItemProxy;
			containerPortal = 28CD59FB1D49EB1E00CBD6AF /* RCTImage.xcodeproj */;
			proxyType = 2;
			remoteGlobalIDString = 58B5115D1A9E6B3D00147676;
			remoteInfo = RCTImage;
		};
		28CD5A051D49EB2600CBD6AF /* PBXContainerItemProxy */ = {
			isa = PBXContainerItemProxy;
			containerPortal = 28CD5A011D49EB2600CBD6AF /* RCTGeolocation.xcodeproj */;
			proxyType = 2;
			remoteGlobalIDString = 134814201AA4EA6300B7C361;
			remoteInfo = RCTGeolocation;
		};
		28CD5A0B1D49EB3100CBD6AF /* PBXContainerItemProxy */ = {
			isa = PBXContainerItemProxy;
			containerPortal = 28CD5A071D49EB3100CBD6AF /* RCTActionSheet.xcodeproj */;
			proxyType = 2;
			remoteGlobalIDString = 134814201AA4EA6300B7C361;
			remoteInfo = RCTActionSheet;
		};
/* End PBXContainerItemProxy section */

/* Begin PBXFileReference section */
		28CD59AC1D49E9FB00CBD6AF /* JJiOSRNDemo.app */ = {isa = PBXFileReference; explicitFileType = wrapper.application; includeInIndex = 0; path = JJiOSRNDemo.app; sourceTree = BUILT_PRODUCTS_DIR; };
		28CD59B01D49E9FB00CBD6AF /* main.m */ = {isa = PBXFileReference; lastKnownFileType = sourcecode.c.objc; path = main.m; sourceTree = "<group>"; };
		28CD59B21D49E9FB00CBD6AF /* AppDelegate.h */ = {isa = PBXFileReference; lastKnownFileType = sourcecode.c.h; path = AppDelegate.h; sourceTree = "<group>"; };
		28CD59B31D49E9FB00CBD6AF /* AppDelegate.m */ = {isa = PBXFileReference; lastKnownFileType = sourcecode.c.objc; path = AppDelegate.m; sourceTree = "<group>"; };
		28CD59B51D49E9FB00CBD6AF /* ViewController.h */ = {isa = PBXFileReference; lastKnownFileType = sourcecode.c.h; path = ViewController.h; sourceTree = "<group>"; };
		28CD59B61D49E9FB00CBD6AF /* ViewController.m */ = {isa = PBXFileReference; lastKnownFileType = sourcecode.c.objc; path = ViewController.m; sourceTree = "<group>"; };
		28CD59B91D49E9FB00CBD6AF /* Base */ = {isa = PBXFileReference; lastKnownFileType = file.storyboard; name = Base; path = Base.lproj/Main.storyboard; sourceTree = "<group>"; };
		28CD59BB1D49E9FB00CBD6AF /* Assets.xcassets */ = {isa = PBXFileReference; lastKnownFileType = folder.assetcatalog; path = Assets.xcassets; sourceTree = "<group>"; };
		28CD59BE1D49E9FB00CBD6AF /* Base */ = {isa = PBXFileReference; lastKnownFileType = file.storyboard; name = Base; path = Base.lproj/LaunchScreen.storyboard; sourceTree = "<group>"; };
		28CD59C01D49E9FB00CBD6AF /* Info.plist */ = {isa = PBXFileReference; lastKnownFileType = text.plist.xml; path = Info.plist; sourceTree = "<group>"; };
		28CD59D11D49EABE00CBD6AF /* React.xcodeproj */ = {isa = PBXFileReference; lastKnownFileType = "wrapper.pb-project"; name = React.xcodeproj; path = "../node_modules/react-native/React/React.xcodeproj"; sourceTree = "<group>"; };
		28CD59D71D49EADD00CBD6AF /* RCTNetwork.xcodeproj */ = {isa = PBXFileReference; lastKnownFileType = "wrapper.pb-project"; name = RCTNetwork.xcodeproj; path = "../node_modules/react-native/Libraries/Network/RCTNetwork.xcodeproj"; sourceTree = "<group>"; };
		28CD59DD1D49EAEF00CBD6AF /* RCTWebSocket.xcodeproj */ = {isa = PBXFileReference; lastKnownFileType = "wrapper.pb-project"; name = RCTWebSocket.xcodeproj; path = "../node_modules/react-native/Libraries/WebSocket/RCTWebSocket.xcodeproj"; sourceTree = "<group>"; };
		28CD59E31D49EAF800CBD6AF /* RCTVibration.xcodeproj */ = {isa = PBXFileReference; lastKnownFileType = "wrapper.pb-project"; name = RCTVibration.xcodeproj; path = "../node_modules/react-native/Libraries/Vibration/RCTVibration.xcodeproj"; sourceTree = "<group>"; };
		28CD59E91D49EB0000CBD6AF /* RCTText.xcodeproj */ = {isa = PBXFileReference; lastKnownFileType = "wrapper.pb-project"; name = RCTText.xcodeproj; path = "../node_modules/react-native/Libraries/Text/RCTText.xcodeproj"; sourceTree = "<group>"; };
		28CD59EF1D49EB0700CBD6AF /* RCTSettings.xcodeproj */ = {isa = PBXFileReference; lastKnownFileType = "wrapper.pb-project"; name = RCTSettings.xcodeproj; path = "../node_modules/react-native/Libraries/Settings/RCTSettings.xcodeproj"; sourceTree = "<group>"; };
		28CD59F51D49EB1600CBD6AF /* RCTLinking.xcodeproj */ = {isa = PBXFileReference; lastKnownFileType = "wrapper.pb-project"; name = RCTLinking.xcodeproj; path = "../node_modules/react-native/Libraries/LinkingIOS/RCTLinking.xcodeproj"; sourceTree = "<group>"; };
		28CD59FB1D49EB1E00CBD6AF /* RCTImage.xcodeproj */ = {isa = PBXFileReference; lastKnownFileType = "wrapper.pb-project"; name = RCTImage.xcodeproj; path = "../node_modules/react-native/Libraries/Image/RCTImage.xcodeproj"; sourceTree = "<group>"; };
		28CD5A011D49EB2600CBD6AF /* RCTGeolocation.xcodeproj */ = {isa = PBXFileReference; lastKnownFileType = "wrapper.pb-project"; name = RCTGeolocation.xcodeproj; path = "../node_modules/react-native/Libraries/Geolocation/RCTGeolocation.xcodeproj"; sourceTree = "<group>"; };
		28CD5A071D49EB3100CBD6AF /* RCTActionSheet.xcodeproj */ = {isa = PBXFileReference; lastKnownFileType = "wrapper.pb-project"; name = RCTActionSheet.xcodeproj; path = "../node_modules/react-native/Libraries/ActionSheetIOS/RCTActionSheet.xcodeproj"; sourceTree = "<group>"; };
/* End PBXFileReference section */

/* Begin PBXFrameworksBuildPhase section */
		28CD59A91D49E9FB00CBD6AF /* Frameworks */ = {
			isa = PBXFrameworksBuildPhase;
			buildActionMask = 2147483647;
			files = (
				28CD5A0D1D49EBC400CBD6AF /* libRCTActionSheet.a in Frameworks */,
				28CD5A0E1D49EBC400CBD6AF /* libRCTGeolocation.a in Frameworks */,
				28CD5A0F1D49EBC400CBD6AF /* libRCTImage.a in Frameworks */,
				28CD5A101D49EBC400CBD6AF /* libRCTLinking.a in Frameworks */,
				28CD5A111D49EBC400CBD6AF /* libRCTNetwork.a in Frameworks */,
				28CD5A121D49EBC400CBD6AF /* libRCTSettings.a in Frameworks */,
				28CD5A131D49EBC400CBD6AF /* libRCTText.a in Frameworks */,
				28CD5A141D49EBC400CBD6AF /* libRCTVibration.a in Frameworks */,
				28CD5A151D49EBC400CBD6AF /* libRCTWebSocket.a in Frameworks */,
				28CD5A161D49EBC400CBD6AF /* libReact.a in Frameworks */,
			);
			runOnlyForDeploymentPostprocessing = 0;
		};
/* End PBXFrameworksBuildPhase section */

/* Begin PBXGroup section */
		28CD59A31D49E9FB00CBD6AF = {
			isa = PBXGroup;
			children = (
				28CD59AE1D49E9FB00CBD6AF /* JJiOSRNDemo */,
				28CD59D01D49EA8D00CBD6AF /* RNLibrary */,
				28CD59AD1D49E9FB00CBD6AF /* Products */,
			);
			sourceTree = "<group>";
		};
		28CD59AD1D49E9FB00CBD6AF /* Products */ = {
			isa = PBXGroup;
			children = (
				28CD59AC1D49E9FB00CBD6AF /* JJiOSRNDemo.app */,
			);
			name = Products;
			sourceTree = "<group>";
		};
		28CD59AE1D49E9FB00CBD6AF /* JJiOSRNDemo */ = {
			isa = PBXGroup;
			children = (
				28CD59B21D49E9FB00CBD6AF /* AppDelegate.h */,
				28CD59B31D49E9FB00CBD6AF /* AppDelegate.m */,
				28CD59B51D49E9FB00CBD6AF /* ViewController.h */,
				28CD59B61D49E9FB00CBD6AF /* ViewController.m */,
				28CD59B81D49E9FB00CBD6AF /* Main.storyboard */,
				28CD59BB1D49E9FB00CBD6AF /* Assets.xcassets */,
				28CD59BD1D49E9FB00CBD6AF /* LaunchScreen.storyboard */,
				28CD59C01D49E9FB00CBD6AF /* Info.plist */,
				28CD59AF1D49E9FB00CBD6AF /* Supporting Files */,
			);
			path = JJiOSRNDemo;
			sourceTree = "<group>";
		};
		28CD59AF1D49E9FB00CBD6AF /* Supporting Files */ = {
			isa = PBXGroup;
			children = (
				28CD59B01D49E9FB00CBD6AF /* main.m */,
			);
			name = "Supporting Files";
			sourceTree = "<group>";
		};
		28CD59D01D49EA8D00CBD6AF /* RNLibrary */ = {
			isa = PBXGroup;
			children = (
				28CD5A071D49EB3100CBD6AF /* RCTActionSheet.xcodeproj */,
				28CD5A011D49EB2600CBD6AF /* RCTGeolocation.xcodeproj */,
				28CD59FB1D49EB1E00CBD6AF /* RCTImage.xcodeproj */,
				28CD59F51D49EB1600CBD6AF /* RCTLinking.xcodeproj */,
				28CD59D71D49EADD00CBD6AF /* RCTNetwork.xcodeproj */,
				28CD59EF1D49EB0700CBD6AF /* RCTSettings.xcodeproj */,
				28CD59E91D49EB0000CBD6AF /* RCTText.xcodeproj */,
				28CD59E31D49EAF800CBD6AF /* RCTVibration.xcodeproj */,
				28CD59DD1D49EAEF00CBD6AF /* RCTWebSocket.xcodeproj */,
				28CD59D11D49EABE00CBD6AF /* React.xcodeproj */,
			);
			name = RNLibrary;
			sourceTree = "<group>";
		};
		28CD59D21D49EABE00CBD6AF /* Products */ = {
			isa = PBXGroup;
			children = (
				28CD59D61D49EABE00CBD6AF /* libReact.a */,
			);
			name = Products;
			sourceTree = "<group>";
		};
		28CD59D81D49EADD00CBD6AF /* Products */ = {
			isa = PBXGroup;
			children = (
				28CD59DC1D49EADD00CBD6AF /* libRCTNetwork.a */,
			);
			name = Products;
			sourceTree = "<group>";
		};
		28CD59DE1D49EAEF00CBD6AF /* Products */ = {
			isa = PBXGroup;
			children = (
				28CD59E21D49EAEF00CBD6AF /* libRCTWebSocket.a */,
			);
			name = Products;
			sourceTree = "<group>";
		};
		28CD59E41D49EAF800CBD6AF /* Products */ = {
			isa = PBXGroup;
			children = (
				28CD59E81D49EAF800CBD6AF /* libRCTVibration.a */,
			);
			name = Products;
			sourceTree = "<group>";
		};
		28CD59EA1D49EB0000CBD6AF /* Products */ = {
			isa = PBXGroup;
			children = (
				28CD59EE1D49EB0000CBD6AF /* libRCTText.a */,
			);
			name = Products;
			sourceTree = "<group>";
		};
		28CD59F01D49EB0700CBD6AF /* Products */ = {
			isa = PBXGroup;
			children = (
				28CD59F41D49EB0700CBD6AF /* libRCTSettings.a */,
			);
			name = Products;
			sourceTree = "<group>";
		};
		28CD59F61D49EB1600CBD6AF /* Products */ = {
			isa = PBXGroup;
			children = (
				28CD59FA1D49EB1600CBD6AF /* libRCTLinking.a */,
			);
			name = Products;
			sourceTree = "<group>";
		};
		28CD59FC1D49EB1E00CBD6AF /* Products */ = {
			isa = PBXGroup;
			children = (
				28CD5A001D49EB1E00CBD6AF /* libRCTImage.a */,
			);
			name = Products;
			sourceTree = "<group>";
		};
		28CD5A021D49EB2600CBD6AF /* Products */ = {
			isa = PBXGroup;
			children = (
				28CD5A061D49EB2600CBD6AF /* libRCTGeolocation.a */,
			);
			name = Products;
			sourceTree = "<group>";
		};
		28CD5A081D49EB3100CBD6AF /* Products */ = {
			isa = PBXGroup;
			children = (
				28CD5A0C1D49EB3100CBD6AF /* libRCTActionSheet.a */,
			);
			name = Products;
			sourceTree = "<group>";
		};
/* End PBXGroup section */

/* Begin PBXNativeTarget section */
		28CD59AB1D49E9FB00CBD6AF /* JJiOSRNDemo */ = {
			isa = PBXNativeTarget;
			buildConfigurationList = 28CD59C31D49E9FB00CBD6AF /* Build configuration list for PBXNativeTarget "JJiOSRNDemo" */;
			buildPhases = (
				28CD59A81D49E9FB00CBD6AF /* Sources */,
				28CD59A91D49E9FB00CBD6AF /* Frameworks */,
				28CD59AA1D49E9FB00CBD6AF /* Resources */,
			);
			buildRules = (
			);
			dependencies = (
			);
			name = JJiOSRNDemo;
			productName = JJiOSRNDemo;
			productReference = 28CD59AC1D49E9FB00CBD6AF /* JJiOSRNDemo.app */;
			productType = "com.apple.product-type.application";
		};
/* End PBXNativeTarget section */

/* Begin PBXProject section */
		28CD59A41D49E9FB00CBD6AF /* Project object */ = {
			isa = PBXProject;
			attributes = {
				LastUpgradeCheck = 0730;
				ORGANIZATIONNAME = JJ;
				TargetAttributes = {
					28CD59AB1D49E9FB00CBD6AF = {
						CreatedOnToolsVersion = 7.3.1;
					};
				};
			};
			buildConfigurationList = 28CD59A71D49E9FB00CBD6AF /* Build configuration list for PBXProject "JJiOSRNDemo" */;
			compatibilityVersion = "Xcode 3.2";
			developmentRegion = English;
			hasScannedForEncodings = 0;
			knownRegions = (
				en,
				Base,
			);
			mainGroup = 28CD59A31D49E9FB00CBD6AF;
			productRefGroup = 28CD59AD1D49E9FB00CBD6AF /* Products */;
			projectDirPath = "";
			projectReferences = (
				{
					ProductGroup = 28CD5A081D49EB3100CBD6AF /* Products */;
					ProjectRef = 28CD5A071D49EB3100CBD6AF /* RCTActionSheet.xcodeproj */;
				},
				{
					ProductGroup = 28CD5A021D49EB2600CBD6AF /* Products */;
					ProjectRef = 28CD5A011D49EB2600CBD6AF /* RCTGeolocation.xcodeproj */;
				},
				{
					ProductGroup = 28CD59FC1D49EB1E00CBD6AF /* Products */;
					ProjectRef = 28CD59FB1D49EB1E00CBD6AF /* RCTImage.xcodeproj */;
				},
				{
					ProductGroup = 28CD59F61D49EB1600CBD6AF /* Products */;
					ProjectRef = 28CD59F51D49EB1600CBD6AF /* RCTLinking.xcodeproj */;
				},
				{
					ProductGroup = 28CD59D81D49EADD00CBD6AF /* Products */;
					ProjectRef = 28CD59D71D49EADD00CBD6AF /* RCTNetwork.xcodeproj */;
				},
				{
					ProductGroup = 28CD59F01D49EB0700CBD6AF /* Products */;
					ProjectRef = 28CD59EF1D49EB0700CBD6AF /* RCTSettings.xcodeproj */;
				},
				{
					ProductGroup = 28CD59EA1D49EB0000CBD6AF /* Products */;
					ProjectRef = 28CD59E91D49EB0000CBD6AF /* RCTText.xcodeproj */;
				},
				{
					ProductGroup = 28CD59E41D49EAF800CBD6AF /* Products */;
					ProjectRef = 28CD59E31D49EAF800CBD6AF /* RCTVibration.xcodeproj */;
				},
				{
					ProductGroup = 28CD59DE1D49EAEF00CBD6AF /* Products */;
					ProjectRef = 28CD59DD1D49EAEF00CBD6AF /* RCTWebSocket.xcodeproj */;
				},
				{
					ProductGroup = 28CD59D21D49EABE00CBD6AF /* Products */;
					ProjectRef = 28CD59D11D49EABE00CBD6AF /* React.xcodeproj */;
				},
			);
			projectRoot = "";
			targets = (
				28CD59AB1D49E9FB00CBD6AF /* JJiOSRNDemo */,
			);
		};
/* End PBXProject section */

/* Begin PBXReferenceProxy section */
		28CD59D61D49EABE00CBD6AF /* libReact.a */ = {
			isa = PBXReferenceProxy;
			fileType = archive.ar;
			path = libReact.a;
			remoteRef = 28CD59D51D49EABE00CBD6AF /* PBXContainerItemProxy */;
			sourceTree = BUILT_PRODUCTS_DIR;
		};
		28CD59DC1D49EADD00CBD6AF /* libRCTNetwork.a */ = {
			isa = PBXReferenceProxy;
			fileType = archive.ar;
			path = libRCTNetwork.a;
			remoteRef = 28CD59DB1D49EADD00CBD6AF /* PBXContainerItemProxy */;
			sourceTree = BUILT_PRODUCTS_DIR;
		};
		28CD59E21D49EAEF00CBD6AF /* libRCTWebSocket.a */ = {
			isa = PBXReferenceProxy;
			fileType = archive.ar;
			path = libRCTWebSocket.a;
			remoteRef = 28CD59E11D49EAEF00CBD6AF /* PBXContainerItemProxy */;
			sourceTree = BUILT_PRODUCTS_DIR;
		};
		28CD59E81D49EAF800CBD6AF /* libRCTVibration.a */ = {
			isa = PBXReferenceProxy;
			fileType = archive.ar;
			path = libRCTVibration.a;
			remoteRef = 28CD59E71D49EAF800CBD6AF /* PBXContainerItemProxy */;
			sourceTree = BUILT_PRODUCTS_DIR;
		};
		28CD59EE1D49EB0000CBD6AF /* libRCTText.a */ = {
			isa = PBXReferenceProxy;
			fileType = archive.ar;
			path = libRCTText.a;
			remoteRef = 28CD59ED1D49EB0000CBD6AF /* PBXContainerItemProxy */;
			sourceTree = BUILT_PRODUCTS_DIR;
		};
		28CD59F41D49EB0700CBD6AF /* libRCTSettings.a */ = {
			isa = PBXReferenceProxy;
			fileType = archive.ar;
			path = libRCTSettings.a;
			remoteRef = 28CD59F31D49EB0700CBD6AF /* PBXContainerItemProxy */;
			sourceTree = BUILT_PRODUCTS_DIR;
		};
		28CD59FA1D49EB1600CBD6AF /* libRCTLinking.a */ = {
			isa = PBXReferenceProxy;
			fileType = archive.ar;
			path = libRCTLinking.a;
			remoteRef = 28CD59F91D49EB1600CBD6AF /* PBXContainerItemProxy */;
			sourceTree = BUILT_PRODUCTS_DIR;
		};
		28CD5A001D49EB1E00CBD6AF /* libRCTImage.a */ = {
			isa = PBXReferenceProxy;
			fileType = archive.ar;
			path = libRCTImage.a;
			remoteRef = 28CD59FF1D49EB1E00CBD6AF /* PBXContainerItemProxy */;
			sourceTree = BUILT_PRODUCTS_DIR;
		};
		28CD5A061D49EB2600CBD6AF /* libRCTGeolocation.a */ = {
			isa = PBXReferenceProxy;
			fileType = archive.ar;
			path = libRCTGeolocation.a;
			remoteRef = 28CD5A051D49EB2600CBD6AF /* PBXContainerItemProxy */;
			sourceTree = BUILT_PRODUCTS_DIR;
		};
		28CD5A0C1D49EB3100CBD6AF /* libRCTActionSheet.a */ = {
			isa = PBXReferenceProxy;
			fileType = archive.ar;
			path = libRCTActionSheet.a;
			remoteRef = 28CD5A0B1D49EB3100CBD6AF /* PBXContainerItemProxy */;
			sourceTree = BUILT_PRODUCTS_DIR;
		};
/* End PBXReferenceProxy section */

/* Begin PBXResourcesBuildPhase section */
		28CD59AA1D49E9FB00CBD6AF /* Resources */ = {
			isa = PBXResourcesBuildPhase;
			buildActionMask = 2147483647;
			files = (
				28CD59BF1D49E9FB00CBD6AF /* LaunchScreen.storyboard in Resources */,
				28CD59BC1D49E9FB00CBD6AF /* Assets.xcassets in Resources */,
				28CD59BA1D49E9FB00CBD6AF /* Main.storyboard in Resources */,
			);
			runOnlyForDeploymentPostprocessing = 0;
		};
/* End PBXResourcesBuildPhase section */

/* Begin PBXSourcesBuildPhase section */
		28CD59A81D49E9FB00CBD6AF /* Sources */ = {
			isa = PBXSourcesBuildPhase;
			buildActionMask = 2147483647;
			files = (
				28CD59B71D49E9FB00CBD6AF /* ViewController.m in Sources */,
				28CD59B41D49E9FB00CBD6AF /* AppDelegate.m in Sources */,
				28CD59B11D49E9FB00CBD6AF /* main.m in Sources */,
			);
			runOnlyForDeploymentPostprocessing = 0;
		};
/* End PBXSourcesBuildPhase section */

/* Begin PBXVariantGroup section */
		28CD59B81D49E9FB00CBD6AF /* Main.storyboard */ = {
			isa = PBXVariantGroup;
			children = (
				28CD59B91D49E9FB00CBD6AF /* Base */,
			);
			name = Main.storyboard;
			sourceTree = "<group>";
		};
		28CD59BD1D49E9FB00CBD6AF /* LaunchScreen.storyboard */ = {
			isa = PBXVariantGroup;
			children = (
				28CD59BE1D49E9FB00CBD6AF /* Base */,
			);
			name = LaunchScreen.storyboard;
			sourceTree = "<group>";
		};
/* End PBXVariantGroup section */

/* Begin XCBuildConfiguration section */
		28CD59C11D49E9FB00CBD6AF /* Debug */ = {
			isa = XCBuildConfiguration;
			buildSettings = {
				ALWAYS_SEARCH_USER_PATHS = NO;
				CLANG_ANALYZER_NONNULL = YES;
				CLANG_CXX_LANGUAGE_STANDARD = "gnu++0x";
				CLANG_CXX_LIBRARY = "libc++";
				CLANG_ENABLE_MODULES = YES;
				CLANG_ENABLE_OBJC_ARC = YES;
				CLANG_WARN_BOOL_CONVERSION = YES;
				CLANG_WARN_CONSTANT_CONVERSION = YES;
				CLANG_WARN_DIRECT_OBJC_ISA_USAGE = YES_ERROR;
				CLANG_WARN_EMPTY_BODY = YES;
				CLANG_WARN_ENUM_CONVERSION = YES;
				CLANG_WARN_INT_CONVERSION = YES;
				CLANG_WARN_OBJC_ROOT_CLASS = YES_ERROR;
				CLANG_WARN_UNREACHABLE_CODE = YES;
				CLANG_WARN__DUPLICATE_METHOD_MATCH = YES;
				"CODE_SIGN_IDENTITY[sdk=iphoneos*]" = "iPhone Developer";
				COPY_PHASE_STRIP = NO;
				DEBUG_INFORMATION_FORMAT = dwarf;
				ENABLE_STRICT_OBJC_MSGSEND = YES;
				ENABLE_TESTABILITY = YES;
				GCC_C_LANGUAGE_STANDARD = gnu99;
				GCC_DYNAMIC_NO_PIC = NO;
				GCC_NO_COMMON_BLOCKS = YES;
				GCC_OPTIMIZATION_LEVEL = 0;
				GCC_PREPROCESSOR_DEFINITIONS = (
					"DEBUG=1",
					"$(inherited)",
				);
				GCC_WARN_64_TO_32_BIT_CONVERSION = YES;
				GCC_WARN_ABOUT_RETURN_TYPE = YES_ERROR;
				GCC_WARN_UNDECLARED_SELECTOR = YES;
				GCC_WARN_UNINITIALIZED_AUTOS = YES_AGGRESSIVE;
				GCC_WARN_UNUSED_FUNCTION = YES;
				GCC_WARN_UNUSED_VARIABLE = YES;
				IPHONEOS_DEPLOYMENT_TARGET = 9.3;
				MTL_ENABLE_DEBUG_INFO = YES;
				ONLY_ACTIVE_ARCH = YES;
				SDKROOT = iphoneos;
				TARGETED_DEVICE_FAMILY = "1,2";
			};
			name = Debug;
		};
		28CD59C21D49E9FB00CBD6AF /* Release */ = {
			isa = XCBuildConfiguration;
			buildSettings = {
				ALWAYS_SEARCH_USER_PATHS = NO;
				CLANG_ANALYZER_NONNULL = YES;
				CLANG_CXX_LANGUAGE_STANDARD = "gnu++0x";
				CLANG_CXX_LIBRARY = "libc++";
				CLANG_ENABLE_MODULES = YES;
				CLANG_ENABLE_OBJC_ARC = YES;
				CLANG_WARN_BOOL_CONVERSION = YES;
				CLANG_WARN_CONSTANT_CONVERSION = YES;
				CLANG_WARN_DIRECT_OBJC_ISA_USAGE = YES_ERROR;
				CLANG_WARN_EMPTY_BODY = YES;
				CLANG_WARN_ENUM_CONVERSION = YES;
				CLANG_WARN_INT_CONVERSION = YES;
				CLANG_WARN_OBJC_ROOT_CLASS = YES_ERROR;
				CLANG_WARN_UNREACHABLE_CODE = YES;
				CLANG_WARN__DUPLICATE_METHOD_MATCH = YES;
				"CODE_SIGN_IDENTITY[sdk=iphoneos*]" = "iPhone Developer";
				COPY_PHASE_STRIP = NO;
				DEBUG_INFORMATION_FORMAT = "dwarf-with-dsym";
				ENABLE_NS_ASSERTIONS = NO;
				ENABLE_STRICT_OBJC_MSGSEND = YES;
				GCC_C_LANGUAGE_STANDARD = gnu99;
				GCC_NO_COMMON_BLOCKS = YES;
				GCC_WARN_64_TO_32_BIT_CONVERSION = YES;
				GCC_WARN_ABOUT_RETURN_TYPE = YES_ERROR;
				GCC_WARN_UNDECLARED_SELECTOR = YES;
				GCC_WARN_UNINITIALIZED_AUTOS = YES_AGGRESSIVE;
				GCC_WARN_UNUSED_FUNCTION = YES;
				GCC_WARN_UNUSED_VARIABLE = YES;
				IPHONEOS_DEPLOYMENT_TARGET = 9.3;
				MTL_ENABLE_DEBUG_INFO = NO;
				SDKROOT = iphoneos;
				TARGETED_DEVICE_FAMILY = "1,2";
				VALIDATE_PRODUCT = YES;
			};
			name = Release;
		};
		28CD59C41D49E9FB00CBD6AF /* Debug */ = {
			isa = XCBuildConfiguration;
			buildSettings = {
				ASSETCATALOG_COMPILER_APPICON_NAME = AppIcon;
				HEADER_SEARCH_PATHS = (
					"$(SRCROOT)/../node_modules/react-native/React/**",
					"$(inherited)",
					/Applications/Xcode.app/Contents/Developer/Toolchains/XcodeDefault.xctoolchain/usr/include,
				);
				INFOPLIST_FILE = JJiOSRNDemo/Info.plist;
				LD_RUNPATH_SEARCH_PATHS = "$(inherited) @executable_path/Frameworks";
				OTHER_LDFLAGS = "-ObjC";
				PRODUCT_BUNDLE_IDENTIFIER = com.JJ.JJiOSRNDemo;
				PRODUCT_NAME = "$(TARGET_NAME)";
			};
			name = Debug;
		};
		28CD59C51D49E9FB00CBD6AF /* Release */ = {
			isa = XCBuildConfiguration;
			buildSettings = {
				ASSETCATALOG_COMPILER_APPICON_NAME = AppIcon;
				HEADER_SEARCH_PATHS = (
					"$(SRCROOT)/../node_modules/react-native/React/**",
					"$(inherited)",
					/Applications/Xcode.app/Contents/Developer/Toolchains/XcodeDefault.xctoolchain/usr/include,
				);
				INFOPLIST_FILE = JJiOSRNDemo/Info.plist;
				LD_RUNPATH_SEARCH_PATHS = "$(inherited) @executable_path/Frameworks";
				OTHER_LDFLAGS = "-ObjC";
				PRODUCT_BUNDLE_IDENTIFIER = com.JJ.JJiOSRNDemo;
				PRODUCT_NAME = "$(TARGET_NAME)";
			};
			name = Release;
		};
/* End XCBuildConfiguration section */

/* Begin XCConfigurationList section */
		28CD59A71D49E9FB00CBD6AF /* Build configuration list for PBXProject "JJiOSRNDemo" */ = {
			isa = XCConfigurationList;
			buildConfigurations = (
				28CD59C11D49E9FB00CBD6AF /* Debug */,
				28CD59C21D49E9FB00CBD6AF /* Release */,
			);
			defaultConfigurationIsVisible = 0;
			defaultConfigurationName = Release;
		};
		28CD59C31D49E9FB00CBD6AF /* Build configuration list for PBXNativeTarget "JJiOSRNDemo" */ = {
			isa = XCConfigurationList;
			buildConfigurations = (
				28CD59C41D49E9FB00CBD6AF /* Debug */,
				28CD59C51D49E9FB00CBD6AF /* Release */,
			);
			defaultConfigurationIsVisible = 0;
			defaultConfigurationName = Release;
		};
/* End XCConfigurationList section */
	};
	rootObject = 28CD59A41D49E9FB00CBD6AF /* Project object */;
}
